# THIS IS AN AUTOGENERATED FILE. DO NOT EDIT THIS FILE DIRECTLY.
# yarn lockfile v1


"@remix-run/router@1.5.0":
  version "1.5.0"
  resolved "https://registry.yarnpkg.com/@remix-run/router/-/router-1.5.0.tgz#57618e57942a5f0131374a9fdb0167e25a117fdc"
  integrity sha512-bkUDCp8o1MvFO+qxkODcbhSqRa6P2GXgrGZVpt0dCXNW2HCSCqYI0ZoAqEOSAjRWmmlKcYgFvN4B4S+zo/f8kg==

react-router-dom@6:
  version "6.10.0"
  resolved "https://registry.yarnpkg.com/react-router-dom/-/react-router-dom-6.10.0.tgz#090ddc5c84dc41b583ce08468c4007c84245f61f"
  integrity sha512-E5dfxRPuXKJqzwSe/qGcqdwa18QiWC6f3H3cWXM24qj4N0/beCIf/CWTipop2xm7mR0RCS99NnaqPNjHtrAzCg==
  dependencies:
    "@remix-run/router" "1.5.0"
    react-router "6.10.0"

react-router@6.10.0:
  version "6.10.0"
  resolved "https://registry.yarnpkg.com/react-router/-/react-router-6.10.0.tgz#230f824fde9dd0270781b5cb497912de32c0a971"
  integrity sha512-Nrg0BWpQqrC3ZFFkyewrflCud9dio9ME3ojHCF/WLsprJVzkq3q3UeEhMCAW1dobjeGbWgjNn/PVF6m46ANxXQ==
  dependencies:
    "@remix-run/router" "1.5.0"
